<?xml version="1.0"?>
<Project ToolsVersion="4.0" xmlns="http://schemas.microsoft.com/developer/msbuild/2003">
	<ItemGroup>
		<ClCompile Include="src\ofApp.cpp">
			<Filter>src</Filter>
		</ClCompile>
		<ClCompile Include="src\main.cpp">
			<Filter>src</Filter>
		</ClCompile>
		<ClCompile Include="src\Config\PanelConfig.cpp">
			<Filter>src\Config</Filter>
		</ClCompile>
		<ClCompile Include="src\Config\Config.cpp">
			<Filter>src\Config</Filter>
		</ClCompile>
		<ClCompile Include="src\Config\PanelGroupConfig.cpp">
			<Filter>src\Config</Filter>
		</ClCompile>
		<ClCompile Include="src\Config\OutputsConfig.cpp">
			<Filter>src\Config</Filter>
		</ClCompile>
		<ClCompile Include="src\Config\InputsConfig.cpp">
			<Filter>src\Config</Filter>
		</ClCompile>
		<ClCompile Include="src\Config\Outputs\SyphonOutputConfig.cpp">
			<Filter>src\Config\Outputs</Filter>
		</ClCompile>
		<ClCompile Include="src\Config\Outputs\NdiOutputConfig.cpp">
			<Filter>src\Config\Outputs</Filter>
		</ClCompile>
		<ClCompile Include="src\Config\Outputs\DeckLinkOutputConfig.cpp">
			<Filter>src\Config\Outputs</Filter>
		</ClCompile>
		<ClCompile Include="src\Config\Inputs\VideoPlayerInputConfig.cpp">
			<Filter>src\Config\Inputs</Filter>
		</ClCompile>
		<ClCompile Include="src\Config\Inputs\NdiInputConfig.cpp">
			<Filter>src\Config\Inputs</Filter>
		</ClCompile>
		<ClCompile Include="src\Config\Inputs\SyphonInputConfig.cpp">
			<Filter>src\Config\Inputs</Filter>
		</ClCompile>
		<ClCompile Include="src\Config\Inputs\DeckLinkInputConfig.cpp">
			<Filter>src\Config\Inputs</Filter>
		</ClCompile>
		<ClCompile Include="src\Config\Inputs\StaticImageInputConfig.cpp">
			<Filter>src\Config\Inputs</Filter>
		</ClCompile>
		<ClCompile Include="src\Shared\PanelCalculation.cpp">
			<Filter>src\Shared</Filter>
		</ClCompile>
		<ClCompile Include="src\Shared\DeckLink\SharedDeckLinkHelpers.cpp">
			<Filter>src\Shared\DeckLink</Filter>
		</ClCompile>
		<ClCompile Include="src\Shared\PanelCalculator.cpp">
			<Filter>src\Shared</Filter>
		</ClCompile>
		<ClCompile Include="src\Outputs\SyphonOutput.cpp">
			<Filter>src\Outputs</Filter>
		</ClCompile>
		<ClCompile Include="src\Outputs\NdiOutput.cpp">
			<Filter>src\Outputs</Filter>
		</ClCompile>
		<ClCompile Include="src\Outputs\AggregateOutput.cpp">
			<Filter>src\Outputs</Filter>
		</ClCompile>
		<ClCompile Include="src\Outputs\DeckLinkOutput.cpp">
			<Filter>src\Outputs</Filter>
		</ClCompile>
		<ClCompile Include="src\Inputs\NdiInput.cpp">
			<Filter>src\Inputs</Filter>
		</ClCompile>
		<ClCompile Include="src\Inputs\DeckLinkInput.cpp">
			<Filter>src\Inputs</Filter>
		</ClCompile>
		<ClCompile Include="src\Inputs\SyphonInput.cpp">
			<Filter>src\Inputs</Filter>
		</ClCompile>
		<ClCompile Include="src\Inputs\VideoPlayerInput.cpp">
			<Filter>src\Inputs</Filter>
		</ClCompile>
		<ClCompile Include="src\Inputs\StaticImageInput.cpp">
			<Filter>src\Inputs</Filter>
		</ClCompile>
		<ClCompile Include="src\Inputs\AggregateInput.cpp">
			<Filter>src\Inputs</Filter>
		</ClCompile>
		<ClCompile Include="..\..\..\addons\ofxDeckLink\src\ofxDeckLinkOutput.cpp">
			<Filter>addons\ofxDeckLink\src</Filter>
		</ClCompile>
		<ClCompile Include="..\..\..\addons\ofxDeckLink\src\ofxDeckLinkInput.cpp">
			<Filter>addons\ofxDeckLink\src</Filter>
		</ClCompile>
		<ClCompile Include="..\..\..\addons\ofxDeckLink\src\ofxDeckLink.cpp">
			<Filter>addons\ofxDeckLink\src</Filter>
		</ClCompile>
		<ClCompile Include="..\..\..\addons\ofxDeckLink\src\ofxDeckLinkAPIConstants.cpp">
			<Filter>addons\ofxDeckLink\src</Filter>
		</ClCompile>
		<ClCompile Include="..\..\..\addons\ofxDeckLink\libs\DeckLinkAPI\include\DeckLinkAPIDispatch.cpp">
			<Filter>addons\ofxDeckLink\libs\DeckLinkAPI\include</Filter>
		</ClCompile>
		<ClCompile Include="..\..\..\addons\ofxGuiExtended\src\ofxGuiElement.cpp">
			<Filter>addons\ofxGuiExtended\src</Filter>
		</ClCompile>
		<ClCompile Include="..\..\..\addons\ofxGuiExtended\src\controls\ofxGuiSlider.cpp">
			<Filter>addons\ofxGuiExtended\src\controls</Filter>
		</ClCompile>
		<ClCompile Include="..\..\..\addons\ofxGuiExtended\src\controls\ofxGuiInputField.cpp">
			<Filter>addons\ofxGuiExtended\src\controls</Filter>
		</ClCompile>
		<ClCompile Include="..\..\..\addons\ofxGuiExtended\src\controls\ofxGuiValuePlotter.cpp">
			<Filter>addons\ofxGuiExtended\src\controls</Filter>
		</ClCompile>
		<ClCompile Include="..\..\..\addons\ofxGuiExtended\src\controls\ofxGuiLabel.cpp">
			<Filter>addons\ofxGuiExtended\src\controls</Filter>
		</ClCompile>
		<ClCompile Include="..\..\..\addons\ofxGuiExtended\src\controls\ofxGuiFunctionSlider.cpp">
			<Filter>addons\ofxGuiExtended\src\controls</Filter>
		</ClCompile>
		<ClCompile Include="..\..\..\addons\ofxGuiExtended\src\controls\ofxGuiGraphics.cpp">
			<Filter>addons\ofxGuiExtended\src\controls</Filter>
		</ClCompile>
		<ClCompile Include="..\..\..\addons\ofxGuiExtended\src\controls\ofxGuiZoomableGraphics.cpp">
			<Filter>addons\ofxGuiExtended\src\controls</Filter>
		</ClCompile>
		<ClCompile Include="..\..\..\addons\ofxGuiExtended\src\controls\ofxGuiRangeSlider.cpp">
			<Filter>addons\ofxGuiExtended\src\controls</Filter>
		</ClCompile>
		<ClCompile Include="..\..\..\addons\ofxGuiExtended\src\controls\ofxGuiFunctionPlotter.cpp">
			<Filter>addons\ofxGuiExtended\src\controls</Filter>
		</ClCompile>
		<ClCompile Include="..\..\..\addons\ofxGuiExtended\src\controls\ofxGuiFpsPlotter.cpp">
			<Filter>addons\ofxGuiExtended\src\controls</Filter>
		</ClCompile>
		<ClCompile Include="..\..\..\addons\ofxGuiExtended\src\controls\ofxGuiButton.cpp">
			<Filter>addons\ofxGuiExtended\src\controls</Filter>
		</ClCompile>
		<ClCompile Include="..\..\..\addons\ofxGuiExtended\src\controls\ofxGuiToggle.cpp">
			<Filter>addons\ofxGuiExtended\src\controls</Filter>
		</ClCompile>
		<ClCompile Include="..\..\..\addons\ofxGuiExtended\src\view\ofxDOMBoxLayout.cpp">
			<Filter>addons\ofxGuiExtended\src\view</Filter>
		</ClCompile>
		<ClCompile Include="..\..\..\addons\ofxGuiExtended\src\view\JsonConfigParser.cpp">
			<Filter>addons\ofxGuiExtended\src\view</Filter>
		</ClCompile>
		<ClCompile Include="..\..\..\addons\ofxGuiExtended\src\view\ofxDOMFlexBoxLayout.cpp">
			<Filter>addons\ofxGuiExtended\src\view</Filter>
		</ClCompile>
		<ClCompile Include="..\..\..\addons\ofxGuiExtended\src\view\ofxDOMLayoutHelper.cpp">
			<Filter>addons\ofxGuiExtended\src\view</Filter>
		</ClCompile>
		<ClCompile Include="..\..\..\addons\ofxGuiExtended\src\DOM\Exceptions.cpp">
			<Filter>addons\ofxGuiExtended\src\DOM</Filter>
		</ClCompile>
		<ClCompile Include="..\..\..\addons\ofxGuiExtended\src\DOM\Layout.cpp">
			<Filter>addons\ofxGuiExtended\src\DOM</Filter>
		</ClCompile>
		<ClCompile Include="..\..\..\addons\ofxGuiExtended\src\DOM\Events.cpp">
			<Filter>addons\ofxGuiExtended\src\DOM</Filter>
		</ClCompile>
		<ClCompile Include="..\..\..\addons\ofxGuiExtended\src\DOM\Element.cpp">
			<Filter>addons\ofxGuiExtended\src\DOM</Filter>
		</ClCompile>
		<ClCompile Include="..\..\..\addons\ofxGuiExtended\src\DOM\Document.cpp">
			<Filter>addons\ofxGuiExtended\src\DOM</Filter>
		</ClCompile>
		<ClCompile Include="..\..\..\addons\ofxGuiExtended\src\containers\ofxGuiMenu.cpp">
			<Filter>addons\ofxGuiExtended\src\containers</Filter>
		</ClCompile>
		<ClCompile Include="..\..\..\addons\ofxGuiExtended\src\containers\ofxGuiGroup.cpp">
			<Filter>addons\ofxGuiExtended\src\containers</Filter>
		</ClCompile>
		<ClCompile Include="..\..\..\addons\ofxGuiExtended\src\containers\ofxGuiTabs.cpp">
			<Filter>addons\ofxGuiExtended\src\containers</Filter>
		</ClCompile>
		<ClCompile Include="..\..\..\addons\ofxGuiExtended\src\containers\ofxGuiPanel.cpp">
			<Filter>addons\ofxGuiExtended\src\containers</Filter>
		</ClCompile>
		<ClCompile Include="..\..\..\addons\ofxGuiExtended\src\containers\ofxGuiContainer.cpp">
			<Filter>addons\ofxGuiExtended\src\containers</Filter>
		</ClCompile>
		<ClCompile Include="..\..\..\addons\ofxGuiExtended\src\containers\ofxGuiSliderGroup.cpp">
			<Filter>addons\ofxGuiExtended\src\containers</Filter>
		</ClCompile>
		<ClCompile Include="..\..\..\addons\ofxGuiExtended\src\ofxGuiExtended.cpp">
			<Filter>addons\ofxGuiExtended\src</Filter>
		</ClCompile>
		<ClCompile Include="..\..\..\addons\ofxJSON\src\ofxJSONElement.cpp">
			<Filter>addons\ofxJSON\src</Filter>
		</ClCompile>
		<ClCompile Include="..\..\..\addons\ofxJSON\libs\jsoncpp\src\jsoncpp.cpp">
			<Filter>addons\ofxJSON\libs\jsoncpp\src</Filter>
		</ClCompile>
		<ClCompile Include="..\..\..\addons\ofxNDI\src\ofxNDIFinder.cpp">
			<Filter>addons\ofxNDI\src</Filter>
		</ClCompile>
		<ClCompile Include="..\..\..\addons\ofxNDI\src\utils\ofxNDIVideoGrabber.cpp">
			<Filter>addons\ofxNDI\src\utils</Filter>
		</ClCompile>
		<ClCompile Include="..\..\..\addons\ofxNDI\src\utils\ofxNDIVideoCaster.cpp">
			<Filter>addons\ofxNDI\src\utils</Filter>
		</ClCompile>
		<ClCompile Include="..\..\..\addons\ofxNDI\src\ofxNDIReceiver.cpp">
			<Filter>addons\ofxNDI\src</Filter>
		</ClCompile>
		<ClCompile Include="..\..\..\addons\ofxNDI\src\ofxNDIPTZ.cpp">
			<Filter>addons\ofxNDI\src</Filter>
		</ClCompile>
		<ClCompile Include="..\..\..\addons\ofxNDI\src\ofxNDISender.cpp">
			<Filter>addons\ofxNDI\src</Filter>
		</ClCompile>
		<ClCompile Include="..\..\..\addons\ofxNDI\src\ofxNDIRecvStream.cpp">
			<Filter>addons\ofxNDI\src</Filter>
		</ClCompile>
		<ClCompile Include="..\..\..\addons\ofxNDI\src\ofxNDIFrame.cpp">
			<Filter>addons\ofxNDI\src</Filter>
		</ClCompile>
		<ClCompile Include="..\..\..\addons\ofxNDI\src\ofxNDIRecorder.cpp">
			<Filter>addons\ofxNDI\src</Filter>
		</ClCompile>
		<ClCompile Include="..\..\..\addons\ofxNDI\src\ofxNDIRouter.cpp">
			<Filter>addons\ofxNDI\src</Filter>
		</ClCompile>
		<ClCompile Include="..\..\..\addons\ofxNDI\src\ofxNDISendStream.cpp">
			<Filter>addons\ofxNDI\src</Filter>
		</ClCompile>
		<ClCompile Include="..\..\..\addons\ofxSyphon\src\ofxSyphonServer.mm">
			<Filter>addons\ofxSyphon\src</Filter>
		</ClCompile>
		<ClCompile Include="..\..\..\addons\ofxSyphon\src\ofxSyphonClient.mm">
			<Filter>addons\ofxSyphon\src</Filter>
		</ClCompile>
		<ClCompile Include="..\..\..\addons\ofxSyphon\src\ofxSyphonServerDirectory.mm">
			<Filter>addons\ofxSyphon\src</Filter>
		</ClCompile>
		<ClCompile Include="..\..\..\addons\ofxSyphon\libs\Syphon\src\SyphonNameboundClient.m">
			<Filter>addons\ofxSyphon\libs\Syphon\src</Filter>
		</ClCompile>
	</ItemGroup>
	<ItemGroup>
		<Filter Include="src">
			<UniqueIdentifier>{d8376475-7454-4a24-b08a-aac121d3ad6f}</UniqueIdentifier>
		</Filter>
		<Filter Include="src\Config">
			<UniqueIdentifier>{96FEA6CF-0246-7260-E5B6-EBF8}</UniqueIdentifier>
		</Filter>
		<Filter Include="src\Config\Outputs">
			<UniqueIdentifier>{542CEAC4-6709-52D9-11F7-692F}</UniqueIdentifier>
		</Filter>
		<Filter Include="src\Config\Inputs">
			<UniqueIdentifier>{AF219163-95A6-C511-8FF1-D392}</UniqueIdentifier>
		</Filter>
		<Filter Include="src\Shared">
			<UniqueIdentifier>{17357C84-A4BA-8833-E761-1E55}</UniqueIdentifier>
		</Filter>
		<Filter Include="src\Shared\DeckLink">
			<UniqueIdentifier>{3D134170-91DB-CACD-7AE2-0308}</UniqueIdentifier>
		</Filter>
		<Filter Include="src\Outputs">
			<UniqueIdentifier>{FA039FB3-E8F9-45B4-D3AA-E1B8}</UniqueIdentifier>
		</Filter>
		<Filter Include="src\Inputs">
			<UniqueIdentifier>{2D1E197B-AA20-E442-08AE-5953}</UniqueIdentifier>
		</Filter>
		<Filter Include="addons">
			<UniqueIdentifier>{71834F65-F3A9-211E-73B8-DC85}</UniqueIdentifier>
		</Filter>
		<Filter Include="addons\ofxDeckLink">
			<UniqueIdentifier>{DB59108A-C1EB-C52C-6390-E66E}</UniqueIdentifier>
		</Filter>
		<Filter Include="addons\ofxDeckLink\src">
			<UniqueIdentifier>{9898D02E-374D-DC15-B300-AFEE}</UniqueIdentifier>
		</Filter>
		<Filter Include="addons\ofxDeckLink\libs">
			<UniqueIdentifier>{FD018EE5-7DAE-FA38-C34B-E4FE}</UniqueIdentifier>
		</Filter>
		<Filter Include="addons\ofxDeckLink\libs\DeckLinkAPI">
			<UniqueIdentifier>{D54E22BD-5F1D-8101-6839-8583}</UniqueIdentifier>
		</Filter>
		<Filter Include="addons\ofxDeckLink\libs\DeckLinkAPI\include">
			<UniqueIdentifier>{33648C44-0740-42D0-03D5-67C4}</UniqueIdentifier>
		</Filter>
		<Filter Include="addons\ofxGuiExtended">
			<UniqueIdentifier>{39B5852E-7F7D-529A-E93B-1F2C}</UniqueIdentifier>
		</Filter>
		<Filter Include="addons\ofxGuiExtended\src">
			<UniqueIdentifier>{CDB195B0-A6DE-7083-7BBF-FD31}</UniqueIdentifier>
		</Filter>
		<Filter Include="addons\ofxGuiExtended\src\util">
			<UniqueIdentifier>{92FAE54F-BD4A-A1F1-903B-A9D1}</UniqueIdentifier>
		</Filter>
		<Filter Include="addons\ofxGuiExtended\src\controls">
			<UniqueIdentifier>{E8FA564F-64AE-56F7-6679-F1D6}</UniqueIdentifier>
		</Filter>
		<Filter Include="addons\ofxGuiExtended\src\view">
			<UniqueIdentifier>{3B78465D-50B8-E199-EA3B-F388}</UniqueIdentifier>
		</Filter>
		<Filter Include="addons\ofxGuiExtended\src\DOM">
			<UniqueIdentifier>{D85E0773-2953-D41C-44DC-CEB0}</UniqueIdentifier>
		</Filter>
		<Filter Include="addons\ofxGuiExtended\src\containers">
			<UniqueIdentifier>{6C0B3822-CE96-4445-6404-D1F2}</UniqueIdentifier>
		</Filter>
		<Filter Include="addons\ofxJSON">
			<UniqueIdentifier>{CF86E01B-D8D7-A112-88F3-5883}</UniqueIdentifier>
		</Filter>
		<Filter Include="addons\ofxJSON\src">
			<UniqueIdentifier>{CE83AFE9-FE4A-682E-D5C9-50B4}</UniqueIdentifier>
		</Filter>
		<Filter Include="addons\ofxJSON\libs">
			<UniqueIdentifier>{5302B3F8-ECDD-0465-334A-F39E}</UniqueIdentifier>
		</Filter>
		<Filter Include="addons\ofxJSON\libs\jsoncpp">
			<UniqueIdentifier>{87D6C548-39D9-FD9F-093E-9F4E}</UniqueIdentifier>
		</Filter>
		<Filter Include="addons\ofxJSON\libs\jsoncpp\include">
			<UniqueIdentifier>{0B6CA981-484E-6E8C-776C-7298}</UniqueIdentifier>
		</Filter>
		<Filter Include="addons\ofxJSON\libs\jsoncpp\include\json">
			<UniqueIdentifier>{5FF260B2-1497-3EFE-19D5-40DB}</UniqueIdentifier>
		</Filter>
		<Filter Include="addons\ofxJSON\libs\jsoncpp\src">
			<UniqueIdentifier>{6D569A5B-6719-AEFD-C08E-5CE5}</UniqueIdentifier>
		</Filter>
		<Filter Include="addons\ofxNDI">
			<UniqueIdentifier>{577C5AAC-F44E-A0BE-E58F-B066}</UniqueIdentifier>
		</Filter>
		<Filter Include="addons\ofxNDI\src">
			<UniqueIdentifier>{3BB183CD-62BF-E58A-FD5C-A603}</UniqueIdentifier>
		</Filter>
		<Filter Include="addons\ofxNDI\src\utils">
			<UniqueIdentifier>{23EC56A6-F7F6-87B6-89BC-D0AE}</UniqueIdentifier>
		</Filter>
		<Filter Include="addons\ofxNDI\libs">
			<UniqueIdentifier>{C2091C9D-63A5-7B51-5F40-CF0C}</UniqueIdentifier>
		</Filter>
		<Filter Include="addons\ofxNDI\libs\utils">
			<UniqueIdentifier>{458DF67A-3660-63B8-3D92-F65D}</UniqueIdentifier>
		</Filter>
		<Filter Include="addons\ofxNDI\libs\NDI">
			<UniqueIdentifier>{50DDA443-51F6-CCFC-46D7-85CE}</UniqueIdentifier>
		</Filter>
		<Filter Include="addons\ofxNDI\libs\NDI\include">
			<UniqueIdentifier>{B9E7D45F-AC3D-9349-FCD4-7EA6}</UniqueIdentifier>
		</Filter>
		<Filter Include="addons\ofxSyphon">
			<UniqueIdentifier>{702862E9-2C7F-D5E7-AC3D-4A04}</UniqueIdentifier>
		</Filter>
		<Filter Include="addons\ofxSyphon\src">
			<UniqueIdentifier>{8737A6AD-A31E-0FAD-2327-9136}</UniqueIdentifier>
		</Filter>
		<Filter Include="addons\ofxSyphon\libs">
			<UniqueIdentifier>{31622136-B02D-FF2E-3DFD-430D}</UniqueIdentifier>
		</Filter>
		<Filter Include="addons\ofxSyphon\libs\Syphon">
			<UniqueIdentifier>{1E89AEE5-AE15-7664-C53A-EBED}</UniqueIdentifier>
		</Filter>
		<Filter Include="addons\ofxSyphon\libs\Syphon\src">
			<UniqueIdentifier>{44224CCE-2F78-7C11-2F9C-26A6}</UniqueIdentifier>
		</Filter>
	</ItemGroup>
	<ItemGroup>
		<ClInclude Include="src\ofApp.h">
			<Filter>src</Filter>
		</ClInclude>
		<ClInclude Include="src\Config\OutputsConfig.hpp">
			<Filter>src\Config</Filter>
		</ClInclude>
		<ClInclude Include="src\Config\InputsConfig.hpp">
			<Filter>src\Config</Filter>
		</ClInclude>
		<ClInclude Include="src\Config\Config.hpp">
			<Filter>src\Config</Filter>
		</ClInclude>
		<ClInclude Include="src\Config\PanelGroupConfig.hpp">
			<Filter>src\Config</Filter>
		</ClInclude>
		<ClInclude Include="src\Config\Outputs\DeckLinkOutputConfig.hpp">
			<Filter>src\Config\Outputs</Filter>
		</ClInclude>
		<ClInclude Include="src\Config\Outputs\NdiOutputConfig.hpp">
			<Filter>src\Config\Outputs</Filter>
		</ClInclude>
		<ClInclude Include="src\Config\Outputs\SyphonOutputConfig.hpp">
			<Filter>src\Config\Outputs</Filter>
		</ClInclude>
		<ClInclude Include="src\Config\PanelConfig.hpp">
			<Filter>src\Config</Filter>
		</ClInclude>
		<ClInclude Include="src\Config\Inputs\StaticImageInputConfig.hpp">
			<Filter>src\Config\Inputs</Filter>
		</ClInclude>
		<ClInclude Include="src\Config\Inputs\NdiInputConfig.hpp">
			<Filter>src\Config\Inputs</Filter>
		</ClInclude>
		<ClInclude Include="src\Config\Inputs\SyphonInputConfig.hpp">
			<Filter>src\Config\Inputs</Filter>
		</ClInclude>
		<ClInclude Include="src\Config\Inputs\DeckLinkInputConfig.hpp">
			<Filter>src\Config\Inputs</Filter>
		</ClInclude>
		<ClInclude Include="src\Config\Inputs\VideoPlayerInputConfig.hpp">
			<Filter>src\Config\Inputs</Filter>
		</ClInclude>
		<ClInclude Include="src\Shared\PanelCalculator.hpp">
			<Filter>src\Shared</Filter>
		</ClInclude>
		<ClInclude Include="src\Shared\DeckLink\SharedDeckLinkHelpers.hpp">
			<Filter>src\Shared\DeckLink</Filter>
		</ClInclude>
		<ClInclude Include="src\Shared\PanelCalculation.hpp">
			<Filter>src\Shared</Filter>
		</ClInclude>
		<ClInclude Include="src\Outputs\DeckLinkOutput.hpp">
			<Filter>src\Outputs</Filter>
		</ClInclude>
		<ClInclude Include="src\Outputs\BaseOutput.hpp">
			<Filter>src\Outputs</Filter>
		</ClInclude>
		<ClInclude Include="src\Outputs\AggregateOutput.hpp">
			<Filter>src\Outputs</Filter>
		</ClInclude>
		<ClInclude Include="src\Outputs\SyphonOutput.hpp">
			<Filter>src\Outputs</Filter>
		</ClInclude>
		<ClInclude Include="src\Outputs\NdiOutput.hpp">
			<Filter>src\Outputs</Filter>
		</ClInclude>
		<ClInclude Include="src\Inputs\VideoPlayerInput.hpp">
			<Filter>src\Inputs</Filter>
		</ClInclude>
		<ClInclude Include="src\Inputs\StaticImageInput.hpp">
			<Filter>src\Inputs</Filter>
		</ClInclude>
		<ClInclude Include="src\Inputs\AggregateInput.hpp">
			<Filter>src\Inputs</Filter>
		</ClInclude>
		<ClInclude Include="src\Inputs\DeckLinkInput.hpp">
			<Filter>src\Inputs</Filter>
		</ClInclude>
		<ClInclude Include="src\Inputs\BaseInput.hpp">
			<Filter>src\Inputs</Filter>
		</ClInclude>
		<ClInclude Include="src\Inputs\SyphonInput.hpp">
			<Filter>src\Inputs</Filter>
		</ClInclude>
		<ClInclude Include="src\Inputs\NdiInput.hpp">
			<Filter>src\Inputs</Filter>
		</ClInclude>
		<ClInclude Include="..\..\..\addons\ofxDeckLink\src\ofxDeckLinkOutput.h">
			<Filter>addons\ofxDeckLink\src</Filter>
		</ClInclude>
		<ClInclude Include="..\..\..\addons\ofxDeckLink\src\ofxDeckLinkAPIConstants.h">
			<Filter>addons\ofxDeckLink\src</Filter>
		</ClInclude>
		<ClInclude Include="..\..\..\addons\ofxDeckLink\src\ofxDeckLink.h">
			<Filter>addons\ofxDeckLink\src</Filter>
		</ClInclude>
		<ClInclude Include="..\..\..\addons\ofxDeckLink\src\ofxDeckLinkInput.h">
			<Filter>addons\ofxDeckLink\src</Filter>
		</ClInclude>
		<ClInclude Include="..\..\..\addons\ofxDeckLink\libs\DeckLinkAPI\include\DeckLinkAPIConfiguration.h">
			<Filter>addons\ofxDeckLink\libs\DeckLinkAPI\include</Filter>
		</ClInclude>
		<ClInclude Include="..\..\..\addons\ofxDeckLink\libs\DeckLinkAPI\include\DeckLinkAPIDeckControl.h">
			<Filter>addons\ofxDeckLink\libs\DeckLinkAPI\include</Filter>
		</ClInclude>
		<ClInclude Include="..\..\..\addons\ofxDeckLink\libs\DeckLinkAPI\include\DeckLinkAPIModes.h">
			<Filter>addons\ofxDeckLink\libs\DeckLinkAPI\include</Filter>
		</ClInclude>
		<ClInclude Include="..\..\..\addons\ofxDeckLink\libs\DeckLinkAPI\include\DeckLinkAPIDiscovery.h">
			<Filter>addons\ofxDeckLink\libs\DeckLinkAPI\include</Filter>
		</ClInclude>
		<ClInclude Include="..\..\..\addons\ofxDeckLink\libs\DeckLinkAPI\include\DeckLinkAPIStreaming.h">
			<Filter>addons\ofxDeckLink\libs\DeckLinkAPI\include</Filter>
		</ClInclude>
		<ClInclude Include="..\..\..\addons\ofxDeckLink\libs\DeckLinkAPI\include\DeckLinkAPIVersion.h">
			<Filter>addons\ofxDeckLink\libs\DeckLinkAPI\include</Filter>
		</ClInclude>
		<ClInclude Include="..\..\..\addons\ofxDeckLink\libs\DeckLinkAPI\include\DeckLinkAPITypes.h">
			<Filter>addons\ofxDeckLink\libs\DeckLinkAPI\include</Filter>
		</ClInclude>
		<ClInclude Include="..\..\..\addons\ofxDeckLink\libs\DeckLinkAPI\include\DeckLinkAPI.h">
			<Filter>addons\ofxDeckLink\libs\DeckLinkAPI\include</Filter>
		</ClInclude>
		<ClInclude Include="..\..\..\addons\ofxGuiExtended\src\ofxGuiExtended.h">
			<Filter>addons\ofxGuiExtended\src</Filter>
		</ClInclude>
		<ClInclude Include="..\..\..\addons\ofxGuiExtended\src\util\IDGenerator.h">
			<Filter>addons\ofxGuiExtended\src\util</Filter>
		</ClInclude>
		<ClInclude Include="..\..\..\addons\ofxGuiExtended\src\ofxGuiElement.h">
			<Filter>addons\ofxGuiExtended\src</Filter>
		</ClInclude>
		<ClInclude Include="..\..\..\addons\ofxGuiExtended\src\controls\ofxGuiGraphics.h">
			<Filter>addons\ofxGuiExtended\src\controls</Filter>
		</ClInclude>
		<ClInclude Include="..\..\..\addons\ofxGuiExtended\src\controls\ofxGuiRangeSlider.h">
			<Filter>addons\ofxGuiExtended\src\controls</Filter>
		</ClInclude>
		<ClInclude Include="..\..\..\addons\ofxGuiExtended\src\controls\ofxGuiFunctionPlotter.h">
			<Filter>addons\ofxGuiExtended\src\controls</Filter>
		</ClInclude>
		<ClInclude Include="..\..\..\addons\ofxGuiExtended\src\controls\ofxGuiInputField.h">
			<Filter>addons\ofxGuiExtended\src\controls</Filter>
		</ClInclude>
		<ClInclude Include="..\..\..\addons\ofxGuiExtended\src\controls\ofxGuiLabel.h">
			<Filter>addons\ofxGuiExtended\src\controls</Filter>
		</ClInclude>
		<ClInclude Include="..\..\..\addons\ofxGuiExtended\src\controls\ofxGuiZoomableGraphics.h">
			<Filter>addons\ofxGuiExtended\src\controls</Filter>
		</ClInclude>
		<ClInclude Include="..\..\..\addons\ofxGuiExtended\src\controls\ofxGuiSlider.h">
			<Filter>addons\ofxGuiExtended\src\controls</Filter>
		</ClInclude>
		<ClInclude Include="..\..\..\addons\ofxGuiExtended\src\controls\ofxGuiValuePlotter.h">
			<Filter>addons\ofxGuiExtended\src\controls</Filter>
		</ClInclude>
		<ClInclude Include="..\..\..\addons\ofxGuiExtended\src\controls\ofxGuiToggle.h">
			<Filter>addons\ofxGuiExtended\src\controls</Filter>
		</ClInclude>
		<ClInclude Include="..\..\..\addons\ofxGuiExtended\src\controls\ofxGuiFunctionSlider.h">
			<Filter>addons\ofxGuiExtended\src\controls</Filter>
		</ClInclude>
		<ClInclude Include="..\..\..\addons\ofxGuiExtended\src\controls\ofxGuiFpsPlotter.h">
			<Filter>addons\ofxGuiExtended\src\controls</Filter>
		</ClInclude>
		<ClInclude Include="..\..\..\addons\ofxGuiExtended\src\controls\ofxGuiButton.h">
			<Filter>addons\ofxGuiExtended\src\controls</Filter>
		</ClInclude>
		<ClInclude Include="..\..\..\addons\ofxGuiExtended\src\view\JsonConfigParser.h">
			<Filter>addons\ofxGuiExtended\src\view</Filter>
		</ClInclude>
		<ClInclude Include="..\..\..\addons\ofxGuiExtended\src\view\ofxGuiDefaultConfig.h">
			<Filter>addons\ofxGuiExtended\src\view</Filter>
		</ClInclude>
		<ClInclude Include="..\..\..\addons\ofxGuiExtended\src\view\ofxDOMBoxLayout.h">
			<Filter>addons\ofxGuiExtended\src\view</Filter>
		</ClInclude>
		<ClInclude Include="..\..\..\addons\ofxGuiExtended\src\view\ofxDOMLayoutHelper.h">
			<Filter>addons\ofxGuiExtended\src\view</Filter>
		</ClInclude>
		<ClInclude Include="..\..\..\addons\ofxGuiExtended\src\view\ofxDOMFlexBoxLayout.h">
			<Filter>addons\ofxGuiExtended\src\view</Filter>
		</ClInclude>
		<ClInclude Include="..\..\..\addons\ofxGuiExtended\src\DOM\Types.h">
			<Filter>addons\ofxGuiExtended\src\DOM</Filter>
		</ClInclude>
		<ClInclude Include="..\..\..\addons\ofxGuiExtended\src\DOM\Exceptions.h">
			<Filter>addons\ofxGuiExtended\src\DOM</Filter>
		</ClInclude>
		<ClInclude Include="..\..\..\addons\ofxGuiExtended\src\DOM\Events.h">
			<Filter>addons\ofxGuiExtended\src\DOM</Filter>
		</ClInclude>
		<ClInclude Include="..\..\..\addons\ofxGuiExtended\src\DOM\EventTarget.h">
			<Filter>addons\ofxGuiExtended\src\DOM</Filter>
		</ClInclude>
		<ClInclude Include="..\..\..\addons\ofxGuiExtended\src\DOM\ofxDOM.h">
			<Filter>addons\ofxGuiExtended\src\DOM</Filter>
		</ClInclude>
		<ClInclude Include="..\..\..\addons\ofxGuiExtended\src\DOM\Layout.h">
			<Filter>addons\ofxGuiExtended\src\DOM</Filter>
		</ClInclude>
		<ClInclude Include="..\..\..\addons\ofxGuiExtended\src\DOM\Element.h">
			<Filter>addons\ofxGuiExtended\src\DOM</Filter>
		</ClInclude>
		<ClInclude Include="..\..\..\addons\ofxGuiExtended\src\DOM\Document.h">
			<Filter>addons\ofxGuiExtended\src\DOM</Filter>
		</ClInclude>
		<ClInclude Include="..\..\..\addons\ofxGuiExtended\src\containers\ofxGuiGroup.h">
			<Filter>addons\ofxGuiExtended\src\containers</Filter>
		</ClInclude>
		<ClInclude Include="..\..\..\addons\ofxGuiExtended\src\containers\ofxGuiPanel.h">
			<Filter>addons\ofxGuiExtended\src\containers</Filter>
		</ClInclude>
		<ClInclude Include="..\..\..\addons\ofxGuiExtended\src\containers\ofxGuiSliderGroup.h">
			<Filter>addons\ofxGuiExtended\src\containers</Filter>
		</ClInclude>
		<ClInclude Include="..\..\..\addons\ofxGuiExtended\src\containers\ofxGuiMenu.h">
			<Filter>addons\ofxGuiExtended\src\containers</Filter>
		</ClInclude>
		<ClInclude Include="..\..\..\addons\ofxGuiExtended\src\containers\ofxGuiContainer.h">
			<Filter>addons\ofxGuiExtended\src\containers</Filter>
		</ClInclude>
		<ClInclude Include="..\..\..\addons\ofxGuiExtended\src\containers\ofxGuiTabs.h">
			<Filter>addons\ofxGuiExtended\src\containers</Filter>
		</ClInclude>
		<ClInclude Include="..\..\..\addons\ofxJSON\src\ofxJSON.h">
			<Filter>addons\ofxJSON\src</Filter>
		</ClInclude>
		<ClInclude Include="..\..\..\addons\ofxJSON\src\ofxJSONElement.h">
			<Filter>addons\ofxJSON\src</Filter>
		</ClInclude>
		<ClInclude Include="..\..\..\addons\ofxJSON\libs\jsoncpp\include\json\json-forwards.h">
			<Filter>addons\ofxJSON\libs\jsoncpp\include\json</Filter>
		</ClInclude>
		<ClInclude Include="..\..\..\addons\ofxJSON\libs\jsoncpp\include\json\json.h">
			<Filter>addons\ofxJSON\libs\jsoncpp\include\json</Filter>
		</ClInclude>
		<ClInclude Include="..\..\..\addons\ofxNDI\src\ofxNDIRecorder.h">
			<Filter>addons\ofxNDI\src</Filter>
		</ClInclude>
		<ClInclude Include="..\..\..\addons\ofxNDI\src\ofxNDIFinder.h">
			<Filter>addons\ofxNDI\src</Filter>
		</ClInclude>
		<ClInclude Include="..\..\..\addons\ofxNDI\src\ofxNDIReceiver.h">
			<Filter>addons\ofxNDI\src</Filter>
		</ClInclude>
		<ClInclude Include="..\..\..\addons\ofxNDI\src\ofxNDI.h">
			<Filter>addons\ofxNDI\src</Filter>
		</ClInclude>
		<ClInclude Include="..\..\..\addons\ofxNDI\src\ofxNDIPTZ.h">
			<Filter>addons\ofxNDI\src</Filter>
		</ClInclude>
		<ClInclude Include="..\..\..\addons\ofxNDI\src\utils\ofxNDIVideoCaster.h">
			<Filter>addons\ofxNDI\src\utils</Filter>
		</ClInclude>
		<ClInclude Include="..\..\..\addons\ofxNDI\src\utils\ofxNDIVideoGrabber.h">
			<Filter>addons\ofxNDI\src\utils</Filter>
		</ClInclude>
		<ClInclude Include="..\..\..\addons\ofxNDI\src\ofxNDISender.h">
			<Filter>addons\ofxNDI\src</Filter>
		</ClInclude>
		<ClInclude Include="..\..\..\addons\ofxNDI\src\ofxNDIFrame.h">
			<Filter>addons\ofxNDI\src</Filter>
		</ClInclude>
		<ClInclude Include="..\..\..\addons\ofxNDI\src\ofxNDISendStream.h">
			<Filter>addons\ofxNDI\src</Filter>
		</ClInclude>
		<ClInclude Include="..\..\..\addons\ofxNDI\src\ofxNDIRouter.h">
			<Filter>addons\ofxNDI\src</Filter>
		</ClInclude>
		<ClInclude Include="..\..\..\addons\ofxNDI\src\ofxNDIRecvStream.h">
			<Filter>addons\ofxNDI\src</Filter>
		</ClInclude>
		<ClInclude Include="..\..\..\addons\ofxNDI\libs\utils\DoubleBuffer.h">
			<Filter>addons\ofxNDI\libs\utils</Filter>
		</ClInclude>
		<ClInclude Include="..\..\..\addons\ofxNDI\libs\NDI\include\Processing.NDI.compat.h">
			<Filter>addons\ofxNDI\libs\NDI\include</Filter>
		</ClInclude>
		<ClInclude Include="..\..\..\addons\ofxNDI\libs\NDI\include\Processing.NDI.utilities.h">
			<Filter>addons\ofxNDI\libs\NDI\include</Filter>
		</ClInclude>
		<ClInclude Include="..\..\..\addons\ofxNDI\libs\NDI\include\Processing.NDI.Recv.ex.h">
			<Filter>addons\ofxNDI\libs\NDI\include</Filter>
		</ClInclude>
		<ClInclude Include="..\..\..\addons\ofxNDI\libs\NDI\include\Processing.NDI.deprecated.h">
			<Filter>addons\ofxNDI\libs\NDI\include</Filter>
		</ClInclude>
		<ClInclude Include="..\..\..\addons\ofxNDI\libs\NDI\include\Processing.NDI.Routing.h">
			<Filter>addons\ofxNDI\libs\NDI\include</Filter>
		</ClInclude>
		<ClInclude Include="..\..\..\addons\ofxNDI\libs\NDI\include\Processing.NDI.Send.h">
			<Filter>addons\ofxNDI\libs\NDI\include</Filter>
		</ClInclude>
		<ClInclude Include="..\..\..\addons\ofxNDI\libs\NDI\include\Processing.NDI.structs.h">
			<Filter>addons\ofxNDI\libs\NDI\include</Filter>
		</ClInclude>
		<ClInclude Include="..\..\..\addons\ofxNDI\libs\NDI\include\Processing.NDI.Lib.cplusplus.h">
			<Filter>addons\ofxNDI\libs\NDI\include</Filter>
		</ClInclude>
		<ClInclude Include="..\..\..\addons\ofxNDI\libs\NDI\include\Processing.NDI.FrameSync.h">
			<Filter>addons\ofxNDI\libs\NDI\include</Filter>
		</ClInclude>
		<ClInclude Include="..\..\..\addons\ofxNDI\libs\NDI\include\Processing.NDI.Find.h">
			<Filter>addons\ofxNDI\libs\NDI\include</Filter>
		</ClInclude>
		<ClInclude Include="..\..\..\addons\ofxNDI\libs\NDI\include\Processing.NDI.DynamicLoad.h">
			<Filter>addons\ofxNDI\libs\NDI\include</Filter>
		</ClInclude>
		<ClInclude Include="..\..\..\addons\ofxNDI\libs\NDI\include\Processing.NDI.Recv.h">
			<Filter>addons\ofxNDI\libs\NDI\include</Filter>
		</ClInclude>
		<ClInclude Include="..\..\..\addons\ofxNDI\libs\NDI\include\Processing.NDI.Lib.h">
			<Filter>addons\ofxNDI\libs\NDI\include</Filter>
		</ClInclude>
		<ClInclude Include="..\..\..\addons\ofxSyphon\src\ofxSyphon.h">
			<Filter>addons\ofxSyphon\src</Filter>
		</ClInclude>
		<ClInclude Include="..\..\..\addons\ofxSyphon\src\ofxSyphonServer.h">
			<Filter>addons\ofxSyphon\src</Filter>
		</ClInclude>
		<ClInclude Include="..\..\..\addons\ofxSyphon\src\ofxSyphonClient.h">
			<Filter>addons\ofxSyphon\src</Filter>
		</ClInclude>
		<ClInclude Include="..\..\..\addons\ofxSyphon\src\ofxSyphonServerDirectory.h">
			<Filter>addons\ofxSyphon\src</Filter>
		</ClInclude>
		<ClInclude Include="..\..\..\addons\ofxSyphon\libs\Syphon\src\SyphonNameboundClient.h">
			<Filter>addons\ofxSyphon\libs\Syphon\src</Filter>
		</ClInclude>
	</ItemGroup>
	<ItemGroup>
		<ResourceCompile Include="icon.rc" />
	</ItemGroup>
</Project>
